{
  "name": "animation-hw",
  "version": "1.0.0",
  "lockfileVersion": 1,
  "requires": true,
  "dependencies": {
    "rupture-sass": {
      "version": "0.2.3",
      "resolved": "https://registry.npmjs.org/rupture-sass/-/rupture-sass-0.2.3.tgz",
      "integrity": "sha512-Ms9j3gOSWUXVTrjMb5Dxi+m8i0gilz3EzhMm2namhIi5cLJcAMPf5E73MVIUh7AKy+64vIjd71RFLRPSvGumGg=="
    }
  }
}
